
Microsoft Visual Studio Solution File, Format Version 12.00
# Visual Studio 15
VisualStudioVersion = 15.0.26124.0
MinimumVisualStudioVersion = 15.0.26124.0
Project("{FAE04EC0-301F-11D3-BF4B-00C04F79EFBC}") = "HomematicCore.Homematic.Client", "HomematicCore.Homematic.Client\HomematicCore.Homematic.Client.csproj", "{5DE0AD3E-0354-49A1-9AB9-48A839C67B70}"
EndProject
Project("{FAE04EC0-301F-11D3-BF4B-00C04F79EFBC}") = "HomematicCore.Manager.Web", "HomematicCore.Manager.Web\HomematicCore.Manager.Web.csproj", "{472B1DA4-7D14-47C4-B203-75AFF60448DA}"
EndProject
Global
	GlobalSection(SolutionConfigurationPlatforms) = preSolution
		Debug|Any CPU = Debug|Any CPU
		Debug|x64 = Debug|x64
		Debug|x86 = Debug|x86
		Release|Any CPU = Release|Any CPU
		Release|x64 = Release|x64
		Release|x86 = Release|x86
	EndGlobalSection
	GlobalSection(SolutionProperties) = preSolution
		HideSolutionNode = FALSE
	EndGlobalSection
	GlobalSection(ProjectConfigurationPlatforms) = postSolution
		{5DE0AD3E-0354-49A1-9AB9-48A839C67B70}.Debug|Any CPU.ActiveCfg = Debug|Any CPU
		{5DE0AD3E-0354-49A1-9AB9-48A839C67B70}.Debug|Any CPU.Build.0 = Debug|Any CPU
		{5DE0AD3E-0354-49A1-9AB9-48A839C67B70}.Debug|x64.ActiveCfg = Debug|Any CPU
		{5DE0AD3E-0354-49A1-9AB9-48A839C67B70}.Debug|x64.Build.0 = Debug|Any CPU
		{5DE0AD3E-0354-49A1-9AB9-48A839C67B70}.Debug|x86.ActiveCfg = Debug|Any CPU
		{5DE0AD3E-0354-49A1-9AB9-48A839C67B70}.Debug|x86.Build.0 = Debug|Any CPU
		{5DE0AD3E-0354-49A1-9AB9-48A839C67B70}.Release|Any CPU.ActiveCfg = Release|Any CPU
		{5DE0AD3E-0354-49A1-9AB9-48A839C67B70}.Release|Any CPU.Build.0 = Release|Any CPU
		{5DE0AD3E-0354-49A1-9AB9-48A839C67B70}.Release|x64.ActiveCfg = Release|Any CPU
		{5DE0AD3E-0354-49A1-9AB9-48A839C67B70}.Release|x64.Build.0 = Release|Any CPU
		{5DE0AD3E-0354-49A1-9AB9-48A839C67B70}.Release|x86.ActiveCfg = Release|Any CPU
		{5DE0AD3E-0354-49A1-9AB9-48A839C67B70}.Release|x86.Build.0 = Release|Any CPU
		{472B1DA4-7D14-47C4-B203-75AFF60448DA}.Debug|Any CPU.ActiveCfg = Debug|Any CPU
		{472B1DA4-7D14-47C4-B203-75AFF60448DA}.Debug|Any CPU.Build.0 = Debug|Any CPU
		{472B1DA4-7D14-47C4-B203-75AFF60448DA}.Debug|x64.ActiveCfg = Debug|Any CPU
		{472B1DA4-7D14-47C4-B203-75AFF60448DA}.Debug|x64.Build.0 = Debug|Any CPU
		{472B1DA4-7D14-47C4-B203-75AFF60448DA}.Debug|x86.ActiveCfg = Debug|Any CPU
		{472B1DA4-7D14-47C4-B203-75AFF60448DA}.Debug|x86.Build.0 = Debug|Any CPU
		{472B1DA4-7D14-47C4-B203-75AFF60448DA}.Release|Any CPU.ActiveCfg = Release|Any CPU
		{472B1DA4-7D14-47C4-B203-75AFF60448DA}.Release|Any CPU.Build.0 = Release|Any CPU
		{472B1DA4-7D14-47C4-B203-75AFF60448DA}.Release|x64.ActiveCfg = Release|Any CPU
		{472B1DA4-7D14-47C4-B203-75AFF60448DA}.Release|x64.Build.0 = Release|Any CPU
		{472B1DA4-7D14-47C4-B203-75AFF60448DA}.Release|x86.ActiveCfg = Release|Any CPU
		{472B1DA4-7D14-47C4-B203-75AFF60448DA}.Release|x86.Build.0 = Release|Any CPU
	EndGlobalSection
EndGlobal
